
Microsoft Visual Studio Solution File, Format Version 12.00
# Visual Studio 15
VisualStudioVersion = 15.0.28307.489
MinimumVisualStudioVersion = 10.0.40219.1
Project("{FAE04EC0-301F-11D3-BF4B-00C04F79EFBC}") = "DemoArrays1", "DemoArrays1\DemoArrays1.csproj", "{B5AC2740-44F5-4DD4-B532-281EC479F4F5}"
EndProject
Global
	GlobalSection(SolutionConfigurationPlatforms) = preSolution
		Debug|Any CPU = Debug|Any CPU
		Release|Any CPU = Release|Any CPU
	EndGlobalSection
	GlobalSection(ProjectConfigurationPlatforms) = postSolution
		{B5AC2740-44F5-4DD4-B532-281EC479F4F5}.Debug|Any CPU.ActiveCfg = Debug|Any CPU
		{B5AC2740-44F5-4DD4-B532-281EC479F4F5}.Debug|Any CPU.Build.0 = Debug|Any CPU
		{B5AC2740-44F5-4DD4-B532-281EC479F4F5}.Release|Any CPU.ActiveCfg = Release|Any CPU
		{B5AC2740-44F5-4DD4-B532-281EC479F4F5}.Release|Any CPU.Build.0 = Release|Any CPU
	EndGlobalSection
	GlobalSection(SolutionProperties) = preSolution
		HideSolutionNode = FALSE
	EndGlobalSection
	GlobalSection(ExtensibilityGlobals) = postSolution
		SolutionGuid = {EC4C5292-5B00-4481-AA39-0EB3776F3109}
	EndGlobalSection
EndGlobal
